# This file is autogenerated, do not edit; changes may be undone by the next 'dep ensure'.


[[projects]]
  branch = "master"
  name = "code.cloudfoundry.org/go-diodes"
  packages = ["."]
  revision = "361f4b34988b402fbf4d5b744cc9b35959c2ac4e"

[[projects]]
  name = "github.com/StackExchange/wmi"
  packages = ["."]
  revision = "5d049714c4a64225c3c79a7cf7d02f7fb5b96338"
  version = "1.0.0"

[[projects]]
  branch = "master"
  name = "github.com/beorn7/perks"
  packages = ["quantile"]
  revision = "3a771d992973f24aa725d07868b467d1ddfceafb"

[[projects]]
  name = "github.com/boltdb/bolt"
  packages = ["."]
  revision = "2f1ce7a837dcb8da3ec595b1dac9d0632f0f99e8"
  version = "v1.3.1"

[[projects]]
  name = "github.com/cayleygraph/cayley"
  packages = [".","clog","graph","graph/iterator","graph/kv","graph/kv/bolt","graph/log","graph/memstore","graph/path","graph/proto","graph/shape","internal/lru","quad","quad/pquads","quad/pquads/pio","query","query/gizmo","schema","voc","voc/rdf","voc/rdfs","voc/schema","writer"]
  revision = "782194b030b5170bbb0852c5e29f209e8012be37"
  version = "v0.7.3"

[[projects]]
  branch = "master"
  name = "github.com/cjoudrey/gluahttp"
  packages = ["."]
  revision = "7065ce73b887f40cfa36eba8ae857cfbdb8ed78f"

[[projects]]
  branch = "master"
  name = "github.com/creack/goselect"
  packages = ["."]
  revision = "176c667f75aaf12301181e3cbf69da406ba0fd99"

[[projects]]
  name = "github.com/dlclark/regexp2"
  packages = [".","syntax"]
  revision = "487489b64fb796de2e55f4e8a4ad1e145f80e957"
  version = "v1.1.6"

[[projects]]
  branch = "master"
  name = "github.com/dop251/goja"
  packages = [".","ast","file","parser","token"]
  revision = "9183045acc25574e0dd2ad37d5e7f978b1a4de12"

[[projects]]
  name = "github.com/eclipse/paho.mqtt.golang"
  packages = [".","packets"]
  revision = "36d01c2b4cbeb3d2a12063e4880ce30800af9560"
  version = "v1.1.1"

[[projects]]
  branch = "master"
  name = "github.com/gin-contrib/sse"
  packages = ["."]
  revision = "22d885f9ecc78bf4ee5d72b937e4bbcdc58e8cae"

[[projects]]
  name = "github.com/gin-gonic/gin"
  packages = [".","binding","render"]
  revision = "d459835d2b077e44f7c9b453505ee29881d5d12d"
  version = "v1.2"

[[projects]]
  name = "github.com/go-ole/go-ole"
  packages = [".","oleutil"]
  revision = "a41e3c4b706f6ae8dfbff342b06e40fa4d2d0506"
  version = "v1.2.1"

[[projects]]
  name = "github.com/go-sourcemap/sourcemap"
  packages = [".","internal/base64vlq"]
  revision = "b019cc30c1eaa584753491b0d8f8c1534bf1eb44"
  version = "v2.1.2"

[[projects]]
  name = "github.com/gobuffalo/packr"
  packages = ["."]
  revision = "7f4074995d431987caaa35088199f13c44b24440"
  version = "v1.11.0"

[[projects]]
  name = "github.com/gogo/protobuf"
  packages = ["gogoproto","proto","protoc-gen-gogo/descriptor"]
  revision = "1adfc126b41513cc696b209667c8656ea7aac67c"
  version = "v1.0.0"

[[projects]]
  name = "github.com/golang/protobuf"
  packages = ["proto"]
  revision = "925541529c1fa6821df4e44ce2723319eb2be768"
  version = "v1.0.0"

[[projects]]
  name = "github.com/magiconair/properties"
  packages = ["."]
  revision = "c3beff4c2358b44d0493c7dda585e7db7ff28ae6"
  version = "v1.7.6"

[[projects]]
  name = "github.com/mattn/go-isatty"
  packages = ["."]
  revision = "0360b2af4f38e8d38c7fce2a9f4e702702d73a39"
  version = "v0.0.3"

[[projects]]
  name = "github.com/mattn/go-sqlite3"
  packages = ["."]
  revision = "6c771bb9887719704b210e87e934f08be014bdb1"
  version = "v1.6.0"

[[projects]]
  name = "github.com/matttproud/golang_protobuf_extensions"
  packages = ["pbutil"]
  revision = "c12348ce28de40eed0136aa2b644d0ee0650e56c"
  version = "v1.0.1"

[[projects]]
  branch = "master"
  name = "github.com/mitchellh/mapstructure"
  packages = ["."]
  revision = "00c29f56e2386353d58c599509e8dc3801b0d716"

[[projects]]
  name = "github.com/pkg/errors"
  packages = ["."]
  revision = "645ef00459ed84a119197bfb8d8205042c6df63d"
  version = "v0.8.0"

[[projects]]
  name = "github.com/prometheus/client_golang"
  packages = ["prometheus"]
  revision = "c5b7fccd204277076155f10851dad72b76a49317"
  version = "v0.8.0"

[[projects]]
  branch = "master"
  name = "github.com/prometheus/client_model"
  packages = ["go"]
  revision = "99fa1f4be8e564e8a6b613da7fa6f46c9edafc6c"

[[projects]]
  branch = "master"
  name = "github.com/prometheus/common"
  packages = ["expfmt","internal/bitbucket.org/ww/goautoneg","model"]
  revision = "7600349dcfe1abd18d72d3a1770870d9800a7801"

[[projects]]
  branch = "master"
  name = "github.com/prometheus/procfs"
  packages = [".","internal/util","nfs","xfs"]
  revision = "40f013a808ec4fa79def444a1a56de4d1727efcb"

[[projects]]
  name = "github.com/robfig/cron"
  packages = ["."]
  revision = "b024fc5ea0e34bc3f83d9941c8d60b0622bfaca4"
  version = "v1"

[[projects]]
  branch = "master"
  name = "github.com/rs/zerolog"
  packages = [".","diode","internal/cbor","internal/json"]
  revision = "533ee32d5daba4d267593e79581afac50b57773c"

[[projects]]
  name = "github.com/shirou/gopsutil"
  packages = ["cpu","internal/common","mem"]
  revision = "4a180b209f5f494e5923cfce81ea30ba23915877"
  version = "v2.18.06"

[[projects]]
  name = "github.com/sirupsen/logrus"
  packages = ["."]
  revision = "c155da19408a8799da419ed3eeb0cb5db0ad5dbc"
  version = "v1.0.5"

[[projects]]
  branch = "master"
  name = "github.com/tylertreat/BoomFilters"
  packages = ["."]
  revision = "73a098af107a204e5f94e30d0e042c884cb06d26"

[[projects]]
  name = "github.com/ugorji/go"
  packages = ["codec"]
  revision = "b4c50a2b199d93b13dc15e78929cfb23bfdf21ab"
  version = "v1.1.1"

[[projects]]
  name = "github.com/vmihailenco/msgpack"
  packages = [".","codes"]
  revision = "a053f3dac71df214bfe8b367f34220f0029c9c02"
  version = "v3.3.1"

[[projects]]
  branch = "master"
  name = "github.com/yroffin/go-boot-sqllite"
  packages = ["core/engine","core/models","core/winter"]
  revision = "64a5cd7d313151fe20ca9e44bcf1377fa04c7ab2"

[[projects]]
  branch = "master"
  name = "github.com/yuin/gluamapper"
  packages = ["."]
  revision = "d836955830e75240d46ce9f0e6d148d94f2e1d3a"

[[projects]]
  branch = "master"
  name = "github.com/yuin/gopher-lua"
  packages = [".","ast","parse","pm"]
  revision = "b0fa786cf4ea360285924c4a7fd42325be57aec8"

[[projects]]
  branch = "master"
  name = "github.com/zeebe-io/zbc-go"
  packages = ["zbc","zbc/common","zbc/models/zbdispatch","zbc/models/zbmsgpack","zbc/models/zbprotocol","zbc/models/zbsbe","zbc/models/zbsubscriptions","zbc/services/zbexchange","zbc/services/zbsocket","zbc/services/zbsubscribe","zbc/services/zbtopology","zbc/services/zbtransport"]
  revision = "f11b50f20de39b64363d8668c7a85de0824c88e7"

[[projects]]
  branch = "master"
  name = "go.bug.st/serial.v1"
  packages = [".","unixutils"]
  revision = "eae1344f9f90101f887b08d13391c34399f97873"

[[projects]]
  branch = "master"
  name = "golang.org/x/crypto"
  packages = ["ssh/terminal"]
  revision = "b0697eccbea9adec5b7ba8008f4c33d98d733388"

[[projects]]
  branch = "master"
  name = "golang.org/x/net"
  packages = ["context","internal/socks","proxy","websocket"]
  revision = "5f9ae10d9af5b1c89ae6904293b14b064d4ada23"

[[projects]]
  branch = "master"
  name = "golang.org/x/sys"
  packages = ["unix","windows"]
  revision = "79b0c6888797020a994db17c8510466c72fe75d9"

[[projects]]
  name = "golang.org/x/text"
  packages = ["cases","collate","collate/build","internal","internal/colltab","internal/gen","internal/tag","internal/triegen","internal/ucd","language","transform","unicode/cldr","unicode/norm"]
  revision = "f21a4dfb5e38f5895301dc265a8def02365cc3d0"
  version = "v0.3.0"

[[projects]]
  name = "google.golang.org/appengine"
  packages = [".","datastore","internal","internal/app_identity","internal/base","internal/datastore","internal/log","internal/modules","internal/remote_api"]
  revision = "150dc57a1b433e64154302bdc40b6bb8aefa313a"
  version = "v1.0.0"

[[projects]]
  name = "gopkg.in/go-playground/validator.v8"
  packages = ["."]
  revision = "5f1438d3fca68893a817e4a66806cea46a9e4ebf"
  version = "v8.18.2"

[[projects]]
  name = "gopkg.in/yaml.v2"
  packages = ["."]
  revision = "5420a8b6744d3b0345ab293f6fcba19c978f1183"
  version = "v2.2.1"

[[projects]]
  name = "layeh.com/gopher-luar"
  packages = ["."]
  revision = "7b2b96926970546e504881ee7364c1127508eb4e"
  version = "v1.0.2"

[solve-meta]
  analyzer-name = "dep"
  analyzer-version = 1
  inputs-digest = "3e27631989be4bd66834267a8829c8dc3baffbc814599a2f9751db658a1a0243"
  solver-name = "gps-cdcl"
  solver-version = 1
